
Microsoft Visual Studio Solution File, Format Version 12.00
# Visual Studio Version 16
VisualStudioVersion = 16.0.29926.136
MinimumVisualStudioVersion = 10.0.40219.1
Project("{FAE04EC0-301F-11D3-BF4B-00C04F79EFBC}") = "ConsoleApp1", "ConsoleApp1\ConsoleApp1.csproj", "{C9F0DCF7-28AA-4AC1-8F55-DF6285B89EF0}"
EndProject
Global
	GlobalSection(SolutionConfigurationPlatforms) = preSolution
		Debug|Any CPU = Debug|Any CPU
		Release|Any CPU = Release|Any CPU
	EndGlobalSection
	GlobalSection(ProjectConfigurationPlatforms) = postSolution
		{C9F0DCF7-28AA-4AC1-8F55-DF6285B89EF0}.Debug|Any CPU.ActiveCfg = Debug|Any CPU
		{C9F0DCF7-28AA-4AC1-8F55-DF6285B89EF0}.Debug|Any CPU.Build.0 = Debug|Any CPU
		{C9F0DCF7-28AA-4AC1-8F55-DF6285B89EF0}.Release|Any CPU.ActiveCfg = Release|Any CPU
		{C9F0DCF7-28AA-4AC1-8F55-DF6285B89EF0}.Release|Any CPU.Build.0 = Release|Any CPU
	EndGlobalSection
	GlobalSection(SolutionProperties) = preSolution
		HideSolutionNode = FALSE
	EndGlobalSection
	GlobalSection(ExtensibilityGlobals) = postSolution
		SolutionGuid = {B6EFE189-2D84-4A9F-BF1F-4E273128D242}
	EndGlobalSection
EndGlobal
